
Microsoft Visual Studio Solution File, Format Version 12.00
# Visual Studio Version 17
VisualStudioVersion = 17.13.35931.197 d17.13
MinimumVisualStudioVersion = 10.0.40219.1
Project("{FAE04EC0-301F-11D3-BF4B-00C04F79EFBC}") = "Zadanie3_form", "Zadanie3_form\Zadanie3_form.csproj", "{DFECCB0F-CD7D-4391-B0D5-9ACCFAE4540A}"
EndProject
Global
	GlobalSection(SolutionConfigurationPlatforms) = preSolution
		Debug|Any CPU = Debug|Any CPU
		Release|Any CPU = Release|Any CPU
	EndGlobalSection
	GlobalSection(ProjectConfigurationPlatforms) = postSolution
		{DFECCB0F-CD7D-4391-B0D5-9ACCFAE4540A}.Debug|Any CPU.ActiveCfg = Debug|Any CPU
		{DFECCB0F-CD7D-4391-B0D5-9ACCFAE4540A}.Debug|Any CPU.Build.0 = Debug|Any CPU
		{DFECCB0F-CD7D-4391-B0D5-9ACCFAE4540A}.Release|Any CPU.ActiveCfg = Release|Any CPU
		{DFECCB0F-CD7D-4391-B0D5-9ACCFAE4540A}.Release|Any CPU.Build.0 = Release|Any CPU
	EndGlobalSection
	GlobalSection(SolutionProperties) = preSolution
		HideSolutionNode = FALSE
	EndGlobalSection
	GlobalSection(ExtensibilityGlobals) = postSolution
		SolutionGuid = {53D9E2CC-F82A-4015-984B-CC13EEB3557C}
	EndGlobalSection
EndGlobal
